
Microsoft Visual Studio Solution File, Format Version 12.00
# Visual Studio Version 16
VisualStudioVersion = 16.0.33529.622
MinimumVisualStudioVersion = 10.0.40219.1
Project("{FAE04EC0-301F-11D3-BF4B-00C04F79EFBC}") = "PAUP-2024", "Paup2024\PAUP-2024.csproj", "{1B17FDB7-33E2-4A0C-9D64-04D78D095466}"
EndProject
Project("{FAE04EC0-301F-11D3-BF4B-00C04F79EFBC}") = "PAUP-2024_Unit_Test", "MVC_Unit\PAUP-2024_Unit_Test.csproj", "{5D2CC4DA-F08F-4413-92C3-08BD16F8621A}"
EndProject
Global
	GlobalSection(SolutionConfigurationPlatforms) = preSolution
		Debug|Any CPU = Debug|Any CPU
		Release|Any CPU = Release|Any CPU
	EndGlobalSection
	GlobalSection(ProjectConfigurationPlatforms) = postSolution
		{1B17FDB7-33E2-4A0C-9D64-04D78D095466}.Debug|Any CPU.ActiveCfg = Debug|Any CPU
		{1B17FDB7-33E2-4A0C-9D64-04D78D095466}.Debug|Any CPU.Build.0 = Debug|Any CPU
		{1B17FDB7-33E2-4A0C-9D64-04D78D095466}.Release|Any CPU.ActiveCfg = Release|Any CPU
		{1B17FDB7-33E2-4A0C-9D64-04D78D095466}.Release|Any CPU.Build.0 = Release|Any CPU
		{5D2CC4DA-F08F-4413-92C3-08BD16F8621A}.Debug|Any CPU.ActiveCfg = Debug|Any CPU
		{5D2CC4DA-F08F-4413-92C3-08BD16F8621A}.Debug|Any CPU.Build.0 = Debug|Any CPU
		{5D2CC4DA-F08F-4413-92C3-08BD16F8621A}.Release|Any CPU.ActiveCfg = Release|Any CPU
		{5D2CC4DA-F08F-4413-92C3-08BD16F8621A}.Release|Any CPU.Build.0 = Release|Any CPU
	EndGlobalSection
	GlobalSection(SolutionProperties) = preSolution
		HideSolutionNode = FALSE
	EndGlobalSection
	GlobalSection(ExtensibilityGlobals) = postSolution
		SolutionGuid = {6BEE19E8-6E5D-48F0-A53D-F81E471F42E6}
	EndGlobalSection
EndGlobal
